
Microsoft Visual Studio Solution File, Format Version 12.00
# Visual Studio Version 17
VisualStudioVersion = 17.2.32505.173
MinimumVisualStudioVersion = 10.0.40219.1
Project("{FAE04EC0-301F-11D3-BF4B-00C04F79EFBC}") = "TestZippopotamus", "TestZippopotamus\TestZippopotamus.csproj", "{5EB10583-6A58-4F58-9C71-30AF73B4E024}"
EndProject
Global
	GlobalSection(SolutionConfigurationPlatforms) = preSolution
		Debug|Any CPU = Debug|Any CPU
		Release|Any CPU = Release|Any CPU
	EndGlobalSection
	GlobalSection(ProjectConfigurationPlatforms) = postSolution
		{5EB10583-6A58-4F58-9C71-30AF73B4E024}.Debug|Any CPU.ActiveCfg = Debug|Any CPU
		{5EB10583-6A58-4F58-9C71-30AF73B4E024}.Debug|Any CPU.Build.0 = Debug|Any CPU
		{5EB10583-6A58-4F58-9C71-30AF73B4E024}.Release|Any CPU.ActiveCfg = Release|Any CPU
		{5EB10583-6A58-4F58-9C71-30AF73B4E024}.Release|Any CPU.Build.0 = Release|Any CPU
	EndGlobalSection
	GlobalSection(SolutionProperties) = preSolution
		HideSolutionNode = FALSE
	EndGlobalSection
	GlobalSection(ExtensibilityGlobals) = postSolution
		SolutionGuid = {A44ED037-3DC8-4D0D-BE61-4B4588D321FA}
	EndGlobalSection
EndGlobal
